
Microsoft Visual Studio Solution File, Format Version 12.00
# Visual Studio Version 16
VisualStudioVersion = 16.0.31729.503
MinimumVisualStudioVersion = 10.0.40219.1
Project("{FAE04EC0-301F-11D3-BF4B-00C04F79EFBC}") = "RegenTry3", "RegenTry3\RegenTry3.csproj", "{891440DC-36FC-4B95-86D2-91A1ACD8C231}"
EndProject
Project("{FAE04EC0-301F-11D3-BF4B-00C04F79EFBC}") = "RegenTry3Mvc", "RegenTry3Mvc\RegenTry3Mvc.csproj", "{59D7FD32-13D7-4A4A-854B-CE05738D1D73}"
EndProject
Global
	GlobalSection(SolutionConfigurationPlatforms) = preSolution
		Debug|Any CPU = Debug|Any CPU
		Release|Any CPU = Release|Any CPU
	EndGlobalSection
	GlobalSection(ProjectConfigurationPlatforms) = postSolution
		{891440DC-36FC-4B95-86D2-91A1ACD8C231}.Debug|Any CPU.ActiveCfg = Debug|Any CPU
		{891440DC-36FC-4B95-86D2-91A1ACD8C231}.Debug|Any CPU.Build.0 = Debug|Any CPU
		{891440DC-36FC-4B95-86D2-91A1ACD8C231}.Release|Any CPU.ActiveCfg = Release|Any CPU
		{891440DC-36FC-4B95-86D2-91A1ACD8C231}.Release|Any CPU.Build.0 = Release|Any CPU
		{59D7FD32-13D7-4A4A-854B-CE05738D1D73}.Debug|Any CPU.ActiveCfg = Debug|Any CPU
		{59D7FD32-13D7-4A4A-854B-CE05738D1D73}.Debug|Any CPU.Build.0 = Debug|Any CPU
		{59D7FD32-13D7-4A4A-854B-CE05738D1D73}.Release|Any CPU.ActiveCfg = Release|Any CPU
		{59D7FD32-13D7-4A4A-854B-CE05738D1D73}.Release|Any CPU.Build.0 = Release|Any CPU
	EndGlobalSection
	GlobalSection(SolutionProperties) = preSolution
		HideSolutionNode = FALSE
	EndGlobalSection
	GlobalSection(ExtensibilityGlobals) = postSolution
		SolutionGuid = {E9403FE5-2658-450D-AC9D-473AAA23E85B}
	EndGlobalSection
EndGlobal
